
Microsoft Visual Studio Solution File, Format Version 12.00
# Visual Studio Version 17
VisualStudioVersion = 17.8.34511.84
MinimumVisualStudioVersion = 10.0.40219.1
Project("{8BC9CEB8-8B4A-11D0-8D11-00A0C91BC942}") = "31-minimize-compilation-dependencies-between-files", "31-minimize-compilation-dependencies-between-files\31-minimize-compilation-dependencies-between-files.vcxproj", "{33AD235A-CDCB-4B86-92D8-D0FB5F7C95B3}"
EndProject
Project("{8BC9CEB8-8B4A-11D0-8D11-00A0C91BC942}") = "20-Prefer_pass-by-reference-to-const2pass-by-value", "20-Prefer_pass-by-reference-to-const2pass-by-value\20-Prefer_pass-by-reference-to-const2pass-by-value.vcxproj", "{99778530-8A83-48A1-8EAB-D427088B3F3C}"
EndProject
Project("{8BC9CEB8-8B4A-11D0-8D11-00A0C91BC942}") = "04-Make_sure_that_objects_are_initialized_before_they_are_used", "04-Make_sure_that_objects_are_initialized_before_they_are_used\04-Make_sure_that_objects_are_initialized_before_they_are_used.vcxproj", "{76AECEEA-8F59-4CF1-BEFA-EDA28C536C62}"
EndProject
Project("{8BC9CEB8-8B4A-11D0-8D11-00A0C91BC942}") = "09-Never_call_virtual_functions_during_construction_or_destruction", "09-Never_call_virtual_functions_during_construction_or_destruction\09-Never_call_virtual_functions_during_construction_or_destruction.vcxproj", "{89C6DF22-5065-4805-8959-E33D1F2C4EEB}"
EndProject
Project("{8BC9CEB8-8B4A-11D0-8D11-00A0C91BC942}") = "13-17-ResourceManagement", "13-17-ResourceManagement\13-17-ResourceManagement.vcxproj", "{14A035EA-DD33-4E5F-A25D-E4AE52BAA0A4}"
EndProject
Project("{8BC9CEB8-8B4A-11D0-8D11-00A0C91BC942}") = "05-07-Constructors_n_Destructors", "05-07-Constructors_n_Destructors\05-07-Constructors_n_Destructors.vcxproj", "{1877C892-29CA-4C43-88A8-15866EE227C5}"
EndProject
Project("{8BC9CEB8-8B4A-11D0-8D11-00A0C91BC942}") = "08-Prevent_exceptions_from_leaving_destructors", "08-Prevent_exceptions_from_leaving_destructors\08-Prevent_exceptions_from_leaving_destructors.vcxproj", "{70A3529D-989E-490C-AC1D-59E0A7D4174C}"
EndProject
Global
	GlobalSection(SolutionConfigurationPlatforms) = preSolution
		Debug|x64 = Debug|x64
		Debug|x86 = Debug|x86
		Release|x64 = Release|x64
		Release|x86 = Release|x86
	EndGlobalSection
	GlobalSection(ProjectConfigurationPlatforms) = postSolution
		{33AD235A-CDCB-4B86-92D8-D0FB5F7C95B3}.Debug|x64.ActiveCfg = Debug|x64
		{33AD235A-CDCB-4B86-92D8-D0FB5F7C95B3}.Debug|x64.Build.0 = Debug|x64
		{33AD235A-CDCB-4B86-92D8-D0FB5F7C95B3}.Debug|x86.ActiveCfg = Debug|Win32
		{33AD235A-CDCB-4B86-92D8-D0FB5F7C95B3}.Debug|x86.Build.0 = Debug|Win32
		{33AD235A-CDCB-4B86-92D8-D0FB5F7C95B3}.Release|x64.ActiveCfg = Release|x64
		{33AD235A-CDCB-4B86-92D8-D0FB5F7C95B3}.Release|x64.Build.0 = Release|x64
		{33AD235A-CDCB-4B86-92D8-D0FB5F7C95B3}.Release|x86.ActiveCfg = Release|Win32
		{33AD235A-CDCB-4B86-92D8-D0FB5F7C95B3}.Release|x86.Build.0 = Release|Win32
		{99778530-8A83-48A1-8EAB-D427088B3F3C}.Debug|x64.ActiveCfg = Debug|x64
		{99778530-8A83-48A1-8EAB-D427088B3F3C}.Debug|x64.Build.0 = Debug|x64
		{99778530-8A83-48A1-8EAB-D427088B3F3C}.Debug|x86.ActiveCfg = Debug|Win32
		{99778530-8A83-48A1-8EAB-D427088B3F3C}.Debug|x86.Build.0 = Debug|Win32
		{99778530-8A83-48A1-8EAB-D427088B3F3C}.Release|x64.ActiveCfg = Release|x64
		{99778530-8A83-48A1-8EAB-D427088B3F3C}.Release|x64.Build.0 = Release|x64
		{99778530-8A83-48A1-8EAB-D427088B3F3C}.Release|x86.ActiveCfg = Release|Win32
		{99778530-8A83-48A1-8EAB-D427088B3F3C}.Release|x86.Build.0 = Release|Win32
		{76AECEEA-8F59-4CF1-BEFA-EDA28C536C62}.Debug|x64.ActiveCfg = Debug|x64
		{76AECEEA-8F59-4CF1-BEFA-EDA28C536C62}.Debug|x64.Build.0 = Debug|x64
		{76AECEEA-8F59-4CF1-BEFA-EDA28C536C62}.Debug|x86.ActiveCfg = Debug|Win32
		{76AECEEA-8F59-4CF1-BEFA-EDA28C536C62}.Debug|x86.Build.0 = Debug|Win32
		{76AECEEA-8F59-4CF1-BEFA-EDA28C536C62}.Release|x64.ActiveCfg = Release|x64
		{76AECEEA-8F59-4CF1-BEFA-EDA28C536C62}.Release|x64.Build.0 = Release|x64
		{76AECEEA-8F59-4CF1-BEFA-EDA28C536C62}.Release|x86.ActiveCfg = Release|Win32
		{76AECEEA-8F59-4CF1-BEFA-EDA28C536C62}.Release|x86.Build.0 = Release|Win32
		{89C6DF22-5065-4805-8959-E33D1F2C4EEB}.Debug|x64.ActiveCfg = Debug|x64
		{89C6DF22-5065-4805-8959-E33D1F2C4EEB}.Debug|x64.Build.0 = Debug|x64
		{89C6DF22-5065-4805-8959-E33D1F2C4EEB}.Debug|x86.ActiveCfg = Debug|Win32
		{89C6DF22-5065-4805-8959-E33D1F2C4EEB}.Debug|x86.Build.0 = Debug|Win32
		{89C6DF22-5065-4805-8959-E33D1F2C4EEB}.Release|x64.ActiveCfg = Release|x64
		{89C6DF22-5065-4805-8959-E33D1F2C4EEB}.Release|x64.Build.0 = Release|x64
		{89C6DF22-5065-4805-8959-E33D1F2C4EEB}.Release|x86.ActiveCfg = Release|Win32
		{89C6DF22-5065-4805-8959-E33D1F2C4EEB}.Release|x86.Build.0 = Release|Win32
		{14A035EA-DD33-4E5F-A25D-E4AE52BAA0A4}.Debug|x64.ActiveCfg = Debug|x64
		{14A035EA-DD33-4E5F-A25D-E4AE52BAA0A4}.Debug|x64.Build.0 = Debug|x64
		{14A035EA-DD33-4E5F-A25D-E4AE52BAA0A4}.Debug|x86.ActiveCfg = Debug|Win32
		{14A035EA-DD33-4E5F-A25D-E4AE52BAA0A4}.Debug|x86.Build.0 = Debug|Win32
		{14A035EA-DD33-4E5F-A25D-E4AE52BAA0A4}.Release|x64.ActiveCfg = Release|x64
		{14A035EA-DD33-4E5F-A25D-E4AE52BAA0A4}.Release|x64.Build.0 = Release|x64
		{14A035EA-DD33-4E5F-A25D-E4AE52BAA0A4}.Release|x86.ActiveCfg = Release|Win32
		{14A035EA-DD33-4E5F-A25D-E4AE52BAA0A4}.Release|x86.Build.0 = Release|Win32
		{1877C892-29CA-4C43-88A8-15866EE227C5}.Debug|x64.ActiveCfg = Debug|x64
		{1877C892-29CA-4C43-88A8-15866EE227C5}.Debug|x64.Build.0 = Debug|x64
		{1877C892-29CA-4C43-88A8-15866EE227C5}.Debug|x86.ActiveCfg = Debug|Win32
		{1877C892-29CA-4C43-88A8-15866EE227C5}.Debug|x86.Build.0 = Debug|Win32
		{1877C892-29CA-4C43-88A8-15866EE227C5}.Release|x64.ActiveCfg = Release|x64
		{1877C892-29CA-4C43-88A8-15866EE227C5}.Release|x64.Build.0 = Release|x64
		{1877C892-29CA-4C43-88A8-15866EE227C5}.Release|x86.ActiveCfg = Release|Win32
		{1877C892-29CA-4C43-88A8-15866EE227C5}.Release|x86.Build.0 = Release|Win32
		{70A3529D-989E-490C-AC1D-59E0A7D4174C}.Debug|x64.ActiveCfg = Debug|x64
		{70A3529D-989E-490C-AC1D-59E0A7D4174C}.Debug|x64.Build.0 = Debug|x64
		{70A3529D-989E-490C-AC1D-59E0A7D4174C}.Debug|x86.ActiveCfg = Debug|Win32
		{70A3529D-989E-490C-AC1D-59E0A7D4174C}.Debug|x86.Build.0 = Debug|Win32
		{70A3529D-989E-490C-AC1D-59E0A7D4174C}.Release|x64.ActiveCfg = Release|x64
		{70A3529D-989E-490C-AC1D-59E0A7D4174C}.Release|x64.Build.0 = Release|x64
		{70A3529D-989E-490C-AC1D-59E0A7D4174C}.Release|x86.ActiveCfg = Release|Win32
		{70A3529D-989E-490C-AC1D-59E0A7D4174C}.Release|x86.Build.0 = Release|Win32
	EndGlobalSection
	GlobalSection(SolutionProperties) = preSolution
		HideSolutionNode = FALSE
	EndGlobalSection
	GlobalSection(ExtensibilityGlobals) = postSolution
		SolutionGuid = {2414A7C4-ECE3-4232-ACB3-EAED4099A7CE}
	EndGlobalSection
EndGlobal
